// !$*UTF8*$!
{
	archiveVersion = 1;
	classes = {
	};
	objectVersion = 48;
	objects = {

/* Begin PBXBuildFile section */
		55AB8CA31F71186B00FE26BE /* AppDelegate.swift in Sources */ = {isa = PBXBuildFile; fileRef = 55AB8CA21F71186B00FE26BE /* AppDelegate.swift */; };
		55AB8CA51F71186B00FE26BE /* ViewController.swift in Sources */ = {isa = PBXBuildFile; fileRef = 55AB8CA41F71186B00FE26BE /* ViewController.swift */; };
		55AB8CA81F71186B00FE26BE /* Main.storyboard in Resources */ = {isa = PBXBuildFile; fileRef = 55AB8CA61F71186B00FE26BE /* Main.storyboard */; };
		55AB8CAA1F71186B00FE26BE /* Assets.xcassets in Resources */ = {isa = PBXBuildFile; fileRef = 55AB8CA91F71186B00FE26BE /* Assets.xcassets */; };
		55AB8CAD1F71186B00FE26BE /* LaunchScreen.storyboard in Resources */ = {isa = PBXBuildFile; fileRef = 55AB8CAB1F71186B00FE26BE /* LaunchScreen.storyboard */; };
		55AB8CB51F7118AF00FE26BE /* AlternateIcons.xcassets in Resources */ = {isa = PBXBuildFile; fileRef = 55AB8CB41F7118AF00FE26BE /* AlternateIcons.xcassets */; };
/* End PBXBuildFile section */

/* Begin PBXFileReference section */
		55AB8C9F1F71186B00FE26BE /* AlternateIcons.app */ = {isa = PBXFileReference; explicitFileType = wrapper.application; includeInIndex = 0; path = AlternateIcons.app; sourceTree = BUILT_PRODUCTS_DIR; };
		55AB8CA21F71186B00FE26BE /* AppDelegate.swift */ = {isa = PBXFileReference; lastKnownFileType = sourcecode.swift; path = AppDelegate.swift; sourceTree = "<group>"; };
		55AB8CA41F71186B00FE26BE /* ViewController.swift */ = {isa = PBXFileReference; lastKnownFileType = sourcecode.swift; path = ViewController.swift; sourceTree = "<group>"; };
		55AB8CA71F71186B00FE26BE /* Base */ = {isa = PBXFileReference; lastKnownFileType = file.storyboard; name = Base; path = Base.lproj/Main.storyboard; sourceTree = "<group>"; };
		55AB8CA91F71186B00FE26BE /* Assets.xcassets */ = {isa = PBXFileReference; lastKnownFileType = folder.assetcatalog; path = Assets.xcassets; sourceTree = "<group>"; };
		55AB8CAC1F71186B00FE26BE /* Base */ = {isa = PBXFileReference; lastKnownFileType = file.storyboard; name = Base; path = Base.lproj/LaunchScreen.storyboard; sourceTree = "<group>"; };
		55AB8CAE1F71186B00FE26BE /* Info.plist */ = {isa = PBXFileReference; lastKnownFileType = text.plist.xml; path = Info.plist; sourceTree = "<group>"; };
		55AB8CB41F7118AF00FE26BE /* AlternateIcons.xcassets */ = {isa = PBXFileReference; lastKnownFileType = folder.assetcatalog; path = AlternateIcons.xcassets; sourceTree = "<group>"; };
/* End PBXFileReference section */

/* Begin PBXFrameworksBuildPhase section */
		55AB8C9C1F71186B00FE26BE /* Frameworks */ = {
			isa = PBXFrameworksBuildPhase;
			buildActionMask = 2147483647;
			files = (
			);
			runOnlyForDeploymentPostprocessing = 0;
		};
/* End PBXFrameworksBuildPhase section */

/* Begin PBXGroup section */
		55AB8C961F71186B00FE26BE = {
			isa = PBXGroup;
			children = (
				55AB8CA11F71186B00FE26BE /* AlternateIcons */,
				55AB8CA01F71186B00FE26BE /* Products */,
			);
			sourceTree = "<group>";
		};
		55AB8CA01F71186B00FE26BE /* Products */ = {
			isa = PBXGroup;
			children = (
				55AB8C9F1F71186B00FE26BE /* AlternateIcons.app */,
			);
			name = Products;
			sourceTree = "<group>";
		};
		55AB8CA11F71186B00FE26BE /* AlternateIcons */ = {
			isa = PBXGroup;
			children = (
				55AB8CA21F71186B00FE26BE /* AppDelegate.swift */,
				55AB8CA41F71186B00FE26BE /* ViewController.swift */,
				55AB8CA61F71186B00FE26BE /* Main.storyboard */,
				55AB8CA91F71186B00FE26BE /* Assets.xcassets */,
				55AB8CAB1F71186B00FE26BE /* LaunchScreen.storyboard */,
				55AB8CAE1F71186B00FE26BE /* Info.plist */,
				55AB8CB41F7118AF00FE26BE /* AlternateIcons.xcassets */,
			);
			path = AlternateIcons;
			sourceTree = "<group>";
		};
/* End PBXGroup section */

/* Begin PBXNativeTarget section */
		55AB8C9E1F71186B00FE26BE /* AlternateIcons */ = {
			isa = PBXNativeTarget;
			buildConfigurationList = 55AB8CB11F71186B00FE26BE /* Build configuration list for PBXNativeTarget "AlternateIcons" */;
			buildPhases = (
				55AB8C9B1F71186B00FE26BE /* Sources */,
				55AB8C9C1F71186B00FE26BE /* Frameworks */,
				55AB8C9D1F71186B00FE26BE /* Resources */,
				55AB8CB61F7118BA00FE26BE /* Embed Alternate Icons */,
			);
			buildRules = (
			);
			dependencies = (
			);
			name = AlternateIcons;
			productName = AlternateIcons;
			productReference = 55AB8C9F1F71186B00FE26BE /* AlternateIcons.app */;
			productType = "com.apple.product-type.application";
		};
/* End PBXNativeTarget section */

/* Begin PBXProject section */
		55AB8C971F71186B00FE26BE /* Project object */ = {
			isa = PBXProject;
			attributes = {
				LastSwiftUpdateCheck = 0900;
				LastUpgradeCheck = 0900;
				ORGANIZATIONNAME = "AURA Media";
				TargetAttributes = {
					55AB8C9E1F71186B00FE26BE = {
						CreatedOnToolsVersion = 9.0;
						ProvisioningStyle = Automatic;
					};
				};
			};
			buildConfigurationList = 55AB8C9A1F71186B00FE26BE /* Build configuration list for PBXProject "AlternateIcons" */;
			compatibilityVersion = "Xcode 8.0";
			developmentRegion = en;
			hasScannedForEncodings = 0;
			knownRegions = (
				en,
				Base,
			);
			mainGroup = 55AB8C961F71186B00FE26BE;
			productRefGroup = 55AB8CA01F71186B00FE26BE /* Products */;
			projectDirPath = "";
			projectRoot = "";
			targets = (
				55AB8C9E1F71186B00FE26BE /* AlternateIcons */,
			);
		};
/* End PBXProject section */

/* Begin PBXResourcesBuildPhase section */
		55AB8C9D1F71186B00FE26BE /* Resources */ = {
			isa = PBXResourcesBuildPhase;
			buildActionMask = 2147483647;
			files = (
				55AB8CAD1F71186B00FE26BE /* LaunchScreen.storyboard in Resources */,
				55AB8CAA1F71186B00FE26BE /* Assets.xcassets in Resources */,
				55AB8CA81F71186B00FE26BE /* Main.storyboard in Resources */,
				55AB8CB51F7118AF00FE26BE /* AlternateIcons.xcassets in Resources */,
			);
			runOnlyForDeploymentPostprocessing = 0;
		};
/* End PBXResourcesBuildPhase section */

/* Begin PBXShellScriptBuildPhase section */
		55AB8CB61F7118BA00FE26BE /* Embed Alternate Icons */ = {
			isa = PBXShellScriptBuildPhase;
			buildActionMask = 2147483647;
			files = (
			);
			inputPaths = (
				"$(PROJECT_DIR)/AlternateIcons/AlternateIcons.xcassets",
			);
			name = "Embed Alternate Icons";
			outputPaths = (
			);
			runOnlyForDeploymentPostprocessing = 0;
			shellPath = /bin/sh;
			shellScript = "embed-alternate-icons";
		};
/* End PBXShellScriptBuildPhase section */

/* Begin PBXSourcesBuildPhase section */
		55AB8C9B1F71186B00FE26BE /* Sources */ = {
			isa = PBXSourcesBuildPhase;
			buildActionMask = 2147483647;
			files = (
				55AB8CA51F71186B00FE26BE /* ViewController.swift in Sources */,
				55AB8CA31F71186B00FE26BE /* AppDelegate.swift in Sources */,
			);
			runOnlyForDeploymentPostprocessing = 0;
		};
/* End PBXSourcesBuildPhase section */

/* Begin PBXVariantGroup section */
		55AB8CA61F71186B00FE26BE /* Main.storyboard */ = {
			isa = PBXVariantGroup;
			children = (
				55AB8CA71F71186B00FE26BE /* Base */,
			);
			name = Main.storyboard;
			sourceTree = "<group>";
		};
		55AB8CAB1F71186B00FE26BE /* LaunchScreen.storyboard */ = {
			isa = PBXVariantGroup;
			children = (
				55AB8CAC1F71186B00FE26BE /* Base */,
			);
			name = LaunchScreen.storyboard;
			sourceTree = "<group>";
		};
/* End PBXVariantGroup section */

/* Begin XCBuildConfiguration section */
		55AB8CAF1F71186B00FE26BE /* Debug */ = {
			isa = XCBuildConfiguration;
			buildSettings = {
				ALWAYS_SEARCH_USER_PATHS = NO;
				CLANG_ANALYZER_NONNULL = YES;
				CLANG_ANALYZER_NUMBER_OBJECT_CONVERSION = YES_AGGRESSIVE;
				CLANG_CXX_LANGUAGE_STANDARD = "gnu++14";
				CLANG_CXX_LIBRARY = "libc++";
				CLANG_ENABLE_MODULES = YES;
				CLANG_ENABLE_OBJC_ARC = YES;
				CLANG_WARN_BLOCK_CAPTURE_AUTORELEASING = YES;
				CLANG_WARN_BOOL_CONVERSION = YES;
				CLANG_WARN_COMMA = YES;
				CLANG_WARN_CONSTANT_CONVERSION = YES;
				CLANG_WARN_DIRECT_OBJC_ISA_USAGE = YES_ERROR;
				CLANG_WARN_DOCUMENTATION_COMMENTS = YES;
				CLANG_WARN_EMPTY_BODY = YES;
				CLANG_WARN_ENUM_CONVERSION = YES;
				CLANG_WARN_INFINITE_RECURSION = YES;
				CLANG_WARN_INT_CONVERSION = YES;
				CLANG_WARN_NON_LITERAL_NULL_CONVERSION = YES;
				CLANG_WARN_OBJC_LITERAL_CONVERSION = YES;
				CLANG_WARN_OBJC_ROOT_CLASS = YES_ERROR;
				CLANG_WARN_RANGE_LOOP_ANALYSIS = YES;
				CLANG_WARN_STRICT_PROTOTYPES = YES;
				CLANG_WARN_SUSPICIOUS_MOVE = YES;
				CLANG_WARN_UNGUARDED_AVAILABILITY = YES_AGGRESSIVE;
				CLANG_WARN_UNREACHABLE_CODE = YES;
				CLANG_WARN__DUPLICATE_METHOD_MATCH = YES;
				CODE_SIGN_IDENTITY = "iPhone Developer";
				COPY_PHASE_STRIP = NO;
				DEBUG_INFORMATION_FORMAT = dwarf;
				ENABLE_STRICT_OBJC_MSGSEND = YES;
				ENABLE_TESTABILITY = YES;
				GCC_C_LANGUAGE_STANDARD = gnu11;
				GCC_DYNAMIC_NO_PIC = NO;
				GCC_NO_COMMON_BLOCKS = YES;
				GCC_OPTIMIZATION_LEVEL = 0;
				GCC_PREPROCESSOR_DEFINITIONS = (
					"DEBUG=1",
					"$(inherited)",
				);
				GCC_WARN_64_TO_32_BIT_CONVERSION = YES;
				GCC_WARN_ABOUT_RETURN_TYPE = YES_ERROR;
				GCC_WARN_UNDECLARED_SELECTOR = YES;
				GCC_WARN_UNINITIALIZED_AUTOS = YES_AGGRESSIVE;
				GCC_WARN_UNUSED_FUNCTION = YES;
				GCC_WARN_UNUSED_VARIABLE = YES;
				IPHONEOS_DEPLOYMENT_TARGET = 11.0;
				MTL_ENABLE_DEBUG_INFO = YES;
				ONLY_ACTIVE_ARCH = YES;
				SDKROOT = iphoneos;
				SWIFT_ACTIVE_COMPILATION_CONDITIONS = DEBUG;
				SWIFT_OPTIMIZATION_LEVEL = "-Onone";
			};
			name = Debug;
		};
		55AB8CB01F71186B00FE26BE /* Release */ = {
			isa = XCBuildConfiguration;
			buildSettings = {
				ALWAYS_SEARCH_USER_PATHS = NO;
				CLANG_ANALYZER_NONNULL = YES;
				CLANG_ANALYZER_NUMBER_OBJECT_CONVERSION = YES_AGGRESSIVE;
				CLANG_CXX_LANGUAGE_STANDARD = "gnu++14";
				CLANG_CXX_LIBRARY = "libc++";
				CLANG_ENABLE_MODULES = YES;
				CLANG_ENABLE_OBJC_ARC = YES;
				CLANG_WARN_BLOCK_CAPTURE_AUTORELEASING = YES;
				CLANG_WARN_BOOL_CONVERSION = YES;
				CLANG_WARN_COMMA = YES;
				CLANG_WARN_CONSTANT_CONVERSION = YES;
				CLANG_WARN_DIRECT_OBJC_ISA_USAGE = YES_ERROR;
				CLANG_WARN_DOCUMENTATION_COMMENTS = YES;
				CLANG_WARN_EMPTY_BODY = YES;
				CLANG_WARN_ENUM_CONVERSION = YES;
				CLANG_WARN_INFINITE_RECURSION = YES;
				CLANG_WARN_INT_CONVERSION = YES;
				CLANG_WARN_NON_LITERAL_NULL_CONVERSION = YES;
				CLANG_WARN_OBJC_LITERAL_CONVERSION = YES;
				CLANG_WARN_OBJC_ROOT_CLASS = YES_ERROR;
				CLANG_WARN_RANGE_LOOP_ANALYSIS = YES;
				CLANG_WARN_STRICT_PROTOTYPES = YES;
				CLANG_WARN_SUSPICIOUS_MOVE = YES;
				CLANG_WARN_UNGUARDED_AVAILABILITY = YES_AGGRESSIVE;
				CLANG_WARN_UNREACHABLE_CODE = YES;
				CLANG_WARN__DUPLICATE_METHOD_MATCH = YES;
				CODE_SIGN_IDENTITY = "iPhone Developer";
				COPY_PHASE_STRIP = NO;
				DEBUG_INFORMATION_FORMAT = "dwarf-with-dsym";
				ENABLE_NS_ASSERTIONS = NO;
				ENABLE_STRICT_OBJC_MSGSEND = YES;
				GCC_C_LANGUAGE_STANDARD = gnu11;
				GCC_NO_COMMON_BLOCKS = YES;
				GCC_WARN_64_TO_32_BIT_CONVERSION = YES;
				GCC_WARN_ABOUT_RETURN_TYPE = YES_ERROR;
				GCC_WARN_UNDECLARED_SELECTOR = YES;
				GCC_WARN_UNINITIALIZED_AUTOS = YES_AGGRESSIVE;
				GCC_WARN_UNUSED_FUNCTION = YES;
				GCC_WARN_UNUSED_VARIABLE = YES;
				IPHONEOS_DEPLOYMENT_TARGET = 11.0;
				MTL_ENABLE_DEBUG_INFO = NO;
				SDKROOT = iphoneos;
				SWIFT_OPTIMIZATION_LEVEL = "-Owholemodule";
				VALIDATE_PRODUCT = YES;
			};
			name = Release;
		};
		55AB8CB21F71186B00FE26BE /* Debug */ = {
			isa = XCBuildConfiguration;
			buildSettings = {
				ASSETCATALOG_COMPILER_APPICON_NAME = AppIcon;
				CODE_SIGN_STYLE = Automatic;
				DEVELOPMENT_TEAM = 75E8K39Z38;
				INFOPLIST_FILE = AlternateIcons/Info.plist;
				IPHONEOS_DEPLOYMENT_TARGET = 10.3;
				LD_RUNPATH_SEARCH_PATHS = "$(inherited) @executable_path/Frameworks";
				PRODUCT_BUNDLE_IDENTIFIER = com.AlternateIcons.AlternateIcons;
				PRODUCT_NAME = "$(TARGET_NAME)";
				SWIFT_VERSION = 4.0;
				TARGETED_DEVICE_FAMILY = "1,2";
			};
			name = Debug;
		};
		55AB8CB31F71186B00FE26BE /* Release */ = {
			isa = XCBuildConfiguration;
			buildSettings = {
				ASSETCATALOG_COMPILER_APPICON_NAME = AppIcon;
				CODE_SIGN_STYLE = Automatic;
				DEVELOPMENT_TEAM = 75E8K39Z38;
				INFOPLIST_FILE = AlternateIcons/Info.plist;
				IPHONEOS_DEPLOYMENT_TARGET = 10.3;
				LD_RUNPATH_SEARCH_PATHS = "$(inherited) @executable_path/Frameworks";
				PRODUCT_BUNDLE_IDENTIFIER = com.AlternateIcons.AlternateIcons;
				PRODUCT_NAME = "$(TARGET_NAME)";
				SWIFT_VERSION = 4.0;
				TARGETED_DEVICE_FAMILY = "1,2";
			};
			name = Release;
		};
/* End XCBuildConfiguration section */

/* Begin XCConfigurationList section */
		55AB8C9A1F71186B00FE26BE /* Build configuration list for PBXProject "AlternateIcons" */ = {
			isa = XCConfigurationList;
			buildConfigurations = (
				55AB8CAF1F71186B00FE26BE /* Debug */,
				55AB8CB01F71186B00FE26BE /* Release */,
			);
			defaultConfigurationIsVisible = 0;
			defaultConfigurationName = Release;
		};
		55AB8CB11F71186B00FE26BE /* Build configuration list for PBXNativeTarget "AlternateIcons" */ = {
			isa = XCConfigurationList;
			buildConfigurations = (
				55AB8CB21F71186B00FE26BE /* Debug */,
				55AB8CB31F71186B00FE26BE /* Release */,
			);
			defaultConfigurationIsVisible = 0;
			defaultConfigurationName = Release;
		};
/* End XCConfigurationList section */
	};
	rootObject = 55AB8C971F71186B00FE26BE /* Project object */;
}
