// !$*UTF8*$!
{
	archiveVersion = 1;
	classes = {
	};
	objectVersion = 46;
	objects = {

/* Begin PBXBuildFile section */
		5E74BD9D1EE1DBBF003F5AE8 /* TestFixtures in CopyFiles */ = {isa = PBXBuildFile; fileRef = OBJ_17 /* TestFixtures */; };
		5E74BD9F1EE1DC51003F5AE8 /* AppIconSet.swift in Sources */ = {isa = PBXBuildFile; fileRef = 5E74BD9E1EE1DC51003F5AE8 /* AppIconSet.swift */; };
		5E74BDA11EE1E4BE003F5AE8 /* AssetCatalogTests.swift in Sources */ = {isa = PBXBuildFile; fileRef = 5E74BDA01EE1E4BE003F5AE8 /* AssetCatalogTests.swift */; };
		5E74BDA41EE1F582003F5AE8 /* Xcode.swift in Sources */ = {isa = PBXBuildFile; fileRef = 5E74BDA31EE1F582003F5AE8 /* Xcode.swift */; };
		5E74BDA61EE1FD36003F5AE8 /* Script.swift in Sources */ = {isa = PBXBuildFile; fileRef = 5E74BDA51EE1FD36003F5AE8 /* Script.swift */; };
		5E74BDA81EE20CBB003F5AE8 /* RunTests.swift in Sources */ = {isa = PBXBuildFile; fileRef = 5E74BDA71EE20CBB003F5AE8 /* RunTests.swift */; };
		5E74BDAA1EE2915C003F5AE8 /* Error.swift in Sources */ = {isa = PBXBuildFile; fileRef = 5E74BDA91EE2915C003F5AE8 /* Error.swift */; };
		5E74BDAE1EE2946E003F5AE8 /* FailableTestCase.swift in Sources */ = {isa = PBXBuildFile; fileRef = 5E74BDAD1EE2946E003F5AE8 /* FailableTestCase.swift */; };
		OBJ_34 /* Files.swift in Sources */ = {isa = PBXBuildFile; fileRef = OBJ_22 /* Files.swift */; };
		OBJ_41 /* Unbox.swift in Sources */ = {isa = PBXBuildFile; fileRef = OBJ_20 /* Unbox.swift */; };
		OBJ_48 /* AssetCatalog.swift in Sources */ = {isa = PBXBuildFile; fileRef = OBJ_9 /* AssetCatalog.swift */; };
		OBJ_49 /* BundleIcon.swift in Sources */ = {isa = PBXBuildFile; fileRef = OBJ_10 /* BundleIcon.swift */; };
		OBJ_50 /* InfoPlist.swift in Sources */ = {isa = PBXBuildFile; fileRef = OBJ_11 /* InfoPlist.swift */; };
		OBJ_52 /* Files.framework in Frameworks */ = {isa = PBXBuildFile; fileRef = OBJ_24 /* Files.framework */; };
		OBJ_53 /* Unbox.framework in Frameworks */ = {isa = PBXBuildFile; fileRef = OBJ_25 /* Unbox.framework */; };
		OBJ_61 /* main.swift in Sources */ = {isa = PBXBuildFile; fileRef = OBJ_13 /* main.swift */; };
		OBJ_63 /* Files.framework in Frameworks */ = {isa = PBXBuildFile; fileRef = OBJ_24 /* Files.framework */; };
		OBJ_64 /* Unbox.framework in Frameworks */ = {isa = PBXBuildFile; fileRef = OBJ_25 /* Unbox.framework */; };
		OBJ_65 /* AltKit.framework in Frameworks */ = {isa = PBXBuildFile; fileRef = OBJ_26 /* AltKit.framework */; };
		OBJ_74 /* InfoPlistTests.swift in Sources */ = {isa = PBXBuildFile; fileRef = OBJ_16 /* InfoPlistTests.swift */; };
		OBJ_76 /* Files.framework in Frameworks */ = {isa = PBXBuildFile; fileRef = OBJ_24 /* Files.framework */; };
		OBJ_77 /* Unbox.framework in Frameworks */ = {isa = PBXBuildFile; fileRef = OBJ_25 /* Unbox.framework */; };
		OBJ_78 /* AltKit.framework in Frameworks */ = {isa = PBXBuildFile; fileRef = OBJ_26 /* AltKit.framework */; };
/* End PBXBuildFile section */

/* Begin PBXContainerItemProxy section */
		5E74BD941EE1DB69003F5AE8 /* PBXContainerItemProxy */ = {
			isa = PBXContainerItemProxy;
			containerPortal = OBJ_1 /* Project object */;
			proxyType = 1;
			remoteGlobalIDString = OBJ_29;
			remoteInfo = Files;
		};
		5E74BD951EE1DB69003F5AE8 /* PBXContainerItemProxy */ = {
			isa = PBXContainerItemProxy;
			containerPortal = OBJ_1 /* Project object */;
			proxyType = 1;
			remoteGlobalIDString = OBJ_36;
			remoteInfo = Unbox;
		};
		5E74BD961EE1DB69003F5AE8 /* PBXContainerItemProxy */ = {
			isa = PBXContainerItemProxy;
			containerPortal = OBJ_1 /* Project object */;
			proxyType = 1;
			remoteGlobalIDString = OBJ_29;
			remoteInfo = Files;
		};
		5E74BD971EE1DB69003F5AE8 /* PBXContainerItemProxy */ = {
			isa = PBXContainerItemProxy;
			containerPortal = OBJ_1 /* Project object */;
			proxyType = 1;
			remoteGlobalIDString = OBJ_36;
			remoteInfo = Unbox;
		};
		5E74BD981EE1DB69003F5AE8 /* PBXContainerItemProxy */ = {
			isa = PBXContainerItemProxy;
			containerPortal = OBJ_1 /* Project object */;
			proxyType = 1;
			remoteGlobalIDString = OBJ_43;
			remoteInfo = AltKit;
		};
		5E74BD991EE1DB69003F5AE8 /* PBXContainerItemProxy */ = {
			isa = PBXContainerItemProxy;
			containerPortal = OBJ_1 /* Project object */;
			proxyType = 1;
			remoteGlobalIDString = OBJ_29;
			remoteInfo = Files;
		};
		5E74BD9A1EE1DB69003F5AE8 /* PBXContainerItemProxy */ = {
			isa = PBXContainerItemProxy;
			containerPortal = OBJ_1 /* Project object */;
			proxyType = 1;
			remoteGlobalIDString = OBJ_36;
			remoteInfo = Unbox;
		};
		5E74BD9B1EE1DB69003F5AE8 /* PBXContainerItemProxy */ = {
			isa = PBXContainerItemProxy;
			containerPortal = OBJ_1 /* Project object */;
			proxyType = 1;
			remoteGlobalIDString = OBJ_43;
			remoteInfo = AltKit;
		};
/* End PBXContainerItemProxy section */

/* Begin PBXCopyFilesBuildPhase section */
		5E74BD9C1EE1DBBB003F5AE8 /* CopyFiles */ = {
			isa = PBXCopyFilesBuildPhase;
			buildActionMask = 2147483647;
			dstPath = "";
			dstSubfolderSpec = 7;
			files = (
				5E74BD9D1EE1DBBF003F5AE8 /* TestFixtures in CopyFiles */,
			);
			runOnlyForDeploymentPostprocessing = 0;
		};
/* End PBXCopyFilesBuildPhase section */

/* Begin PBXFileReference section */
		5E74BD9E1EE1DC51003F5AE8 /* AppIconSet.swift */ = {isa = PBXFileReference; fileEncoding = 4; lastKnownFileType = sourcecode.swift; path = AppIconSet.swift; sourceTree = "<group>"; };
		5E74BDA01EE1E4BE003F5AE8 /* AssetCatalogTests.swift */ = {isa = PBXFileReference; fileEncoding = 4; lastKnownFileType = sourcecode.swift; path = AssetCatalogTests.swift; sourceTree = "<group>"; };
		5E74BDA31EE1F582003F5AE8 /* Xcode.swift */ = {isa = PBXFileReference; fileEncoding = 4; lastKnownFileType = sourcecode.swift; path = Xcode.swift; sourceTree = "<group>"; };
		5E74BDA51EE1FD36003F5AE8 /* Script.swift */ = {isa = PBXFileReference; fileEncoding = 4; lastKnownFileType = sourcecode.swift; path = Script.swift; sourceTree = "<group>"; };
		5E74BDA71EE20CBB003F5AE8 /* RunTests.swift */ = {isa = PBXFileReference; fileEncoding = 4; lastKnownFileType = sourcecode.swift; path = RunTests.swift; sourceTree = "<group>"; };
		5E74BDA91EE2915C003F5AE8 /* Error.swift */ = {isa = PBXFileReference; fileEncoding = 4; lastKnownFileType = sourcecode.swift; path = Error.swift; sourceTree = "<group>"; };
		5E74BDAD1EE2946E003F5AE8 /* FailableTestCase.swift */ = {isa = PBXFileReference; fileEncoding = 4; lastKnownFileType = sourcecode.swift; path = FailableTestCase.swift; sourceTree = "<group>"; };
		OBJ_10 /* BundleIcon.swift */ = {isa = PBXFileReference; lastKnownFileType = sourcecode.swift; path = BundleIcon.swift; sourceTree = "<group>"; };
		OBJ_11 /* InfoPlist.swift */ = {isa = PBXFileReference; lastKnownFileType = sourcecode.swift; path = InfoPlist.swift; sourceTree = "<group>"; };
		OBJ_13 /* main.swift */ = {isa = PBXFileReference; lastKnownFileType = sourcecode.swift; path = main.swift; sourceTree = "<group>"; };
		OBJ_16 /* InfoPlistTests.swift */ = {isa = PBXFileReference; lastKnownFileType = sourcecode.swift; path = InfoPlistTests.swift; sourceTree = "<group>"; };
		OBJ_17 /* TestFixtures */ = {isa = PBXFileReference; lastKnownFileType = folder; path = TestFixtures; sourceTree = SOURCE_ROOT; };
		OBJ_20 /* Unbox.swift */ = {isa = PBXFileReference; lastKnownFileType = sourcecode.swift; path = Unbox.swift; sourceTree = "<group>"; };
		OBJ_22 /* Files.swift */ = {isa = PBXFileReference; lastKnownFileType = sourcecode.swift; path = Files.swift; sourceTree = "<group>"; };
		OBJ_24 /* Files.framework */ = {isa = PBXFileReference; explicitFileType = wrapper.framework; path = Files.framework; sourceTree = BUILT_PRODUCTS_DIR; };
		OBJ_25 /* Unbox.framework */ = {isa = PBXFileReference; explicitFileType = wrapper.framework; path = Unbox.framework; sourceTree = BUILT_PRODUCTS_DIR; };
		OBJ_26 /* AltKit.framework */ = {isa = PBXFileReference; explicitFileType = wrapper.framework; path = AltKit.framework; sourceTree = BUILT_PRODUCTS_DIR; };
		OBJ_27 /* AlternateIcons */ = {isa = PBXFileReference; lastKnownFileType = text; path = AlternateIcons; sourceTree = BUILT_PRODUCTS_DIR; };
		OBJ_28 /* AltKitTests.xctest */ = {isa = PBXFileReference; lastKnownFileType = file; path = AltKitTests.xctest; sourceTree = BUILT_PRODUCTS_DIR; };
		OBJ_6 /* Package.swift */ = {isa = PBXFileReference; explicitFileType = sourcecode.swift; path = Package.swift; sourceTree = "<group>"; };
		OBJ_9 /* AssetCatalog.swift */ = {isa = PBXFileReference; lastKnownFileType = sourcecode.swift; path = AssetCatalog.swift; sourceTree = "<group>"; };
/* End PBXFileReference section */

/* Begin PBXFrameworksBuildPhase section */
		OBJ_35 /* Frameworks */ = {
			isa = PBXFrameworksBuildPhase;
			buildActionMask = 0;
			files = (
			);
			runOnlyForDeploymentPostprocessing = 0;
		};
		OBJ_42 /* Frameworks */ = {
			isa = PBXFrameworksBuildPhase;
			buildActionMask = 0;
			files = (
			);
			runOnlyForDeploymentPostprocessing = 0;
		};
		OBJ_51 /* Frameworks */ = {
			isa = PBXFrameworksBuildPhase;
			buildActionMask = 0;
			files = (
				OBJ_52 /* Files.framework in Frameworks */,
				OBJ_53 /* Unbox.framework in Frameworks */,
			);
			runOnlyForDeploymentPostprocessing = 0;
		};
		OBJ_62 /* Frameworks */ = {
			isa = PBXFrameworksBuildPhase;
			buildActionMask = 0;
			files = (
				OBJ_63 /* Files.framework in Frameworks */,
				OBJ_64 /* Unbox.framework in Frameworks */,
				OBJ_65 /* AltKit.framework in Frameworks */,
			);
			runOnlyForDeploymentPostprocessing = 0;
		};
		OBJ_75 /* Frameworks */ = {
			isa = PBXFrameworksBuildPhase;
			buildActionMask = 0;
			files = (
				OBJ_76 /* Files.framework in Frameworks */,
				OBJ_77 /* Unbox.framework in Frameworks */,
				OBJ_78 /* AltKit.framework in Frameworks */,
			);
			runOnlyForDeploymentPostprocessing = 0;
		};
/* End PBXFrameworksBuildPhase section */

/* Begin PBXGroup section */
		OBJ_12 /* AlternateIcons */ = {
			isa = PBXGroup;
			children = (
				OBJ_13 /* main.swift */,
			);
			name = AlternateIcons;
			path = Sources/AlternateIcons;
			sourceTree = SOURCE_ROOT;
		};
		OBJ_14 /* Tests */ = {
			isa = PBXGroup;
			children = (
				OBJ_15 /* AltKitTests */,
			);
			name = Tests;
			sourceTree = SOURCE_ROOT;
		};
		OBJ_15 /* AltKitTests */ = {
			isa = PBXGroup;
			children = (
				5E74BDAD1EE2946E003F5AE8 /* FailableTestCase.swift */,
				OBJ_16 /* InfoPlistTests.swift */,
				5E74BDA01EE1E4BE003F5AE8 /* AssetCatalogTests.swift */,
				5E74BDA71EE20CBB003F5AE8 /* RunTests.swift */,
			);
			name = AltKitTests;
			path = Tests/AltKitTests;
			sourceTree = SOURCE_ROOT;
		};
		OBJ_18 /* Dependencies */ = {
			isa = PBXGroup;
			children = (
				OBJ_19 /* Unbox 2.4.0 */,
				OBJ_21 /* Files 1.8.0 */,
			);
			name = Dependencies;
			sourceTree = "<group>";
		};
		OBJ_19 /* Unbox 2.4.0 */ = {
			isa = PBXGroup;
			children = (
				OBJ_20 /* Unbox.swift */,
			);
			name = "Unbox 2.4.0";
			path = ".build/checkouts/Unbox.git-7328032665522304260/Sources";
			sourceTree = SOURCE_ROOT;
		};
		OBJ_21 /* Files 1.8.0 */ = {
			isa = PBXGroup;
			children = (
				OBJ_22 /* Files.swift */,
			);
			name = "Files 1.8.0";
			path = ".build/checkouts/Files.git-6739420172119258925/Sources";
			sourceTree = SOURCE_ROOT;
		};
		OBJ_23 /* Products */ = {
			isa = PBXGroup;
			children = (
				OBJ_24 /* Files.framework */,
				OBJ_25 /* Unbox.framework */,
				OBJ_26 /* AltKit.framework */,
				OBJ_27 /* AlternateIcons */,
				OBJ_28 /* AltKitTests.xctest */,
			);
			name = Products;
			sourceTree = BUILT_PRODUCTS_DIR;
		};
		OBJ_5 = {
			isa = PBXGroup;
			children = (
				OBJ_6 /* Package.swift */,
				OBJ_7 /* Sources */,
				OBJ_14 /* Tests */,
				OBJ_17 /* TestFixtures */,
				OBJ_18 /* Dependencies */,
				OBJ_23 /* Products */,
			);
			sourceTree = "<group>";
		};
		OBJ_7 /* Sources */ = {
			isa = PBXGroup;
			children = (
				OBJ_8 /* AltKit */,
				OBJ_12 /* AlternateIcons */,
			);
			name = Sources;
			sourceTree = SOURCE_ROOT;
		};
		OBJ_8 /* AltKit */ = {
			isa = PBXGroup;
			children = (
				5E74BDA91EE2915C003F5AE8 /* Error.swift */,
				OBJ_9 /* AssetCatalog.swift */,
				5E74BD9E1EE1DC51003F5AE8 /* AppIconSet.swift */,
				OBJ_10 /* BundleIcon.swift */,
				OBJ_11 /* InfoPlist.swift */,
				5E74BDA31EE1F582003F5AE8 /* Xcode.swift */,
				5E74BDA51EE1FD36003F5AE8 /* Script.swift */,
			);
			name = AltKit;
			path = Sources/AltKit;
			sourceTree = SOURCE_ROOT;
		};
/* End PBXGroup section */

/* Begin PBXNativeTarget section */
		OBJ_29 /* Files */ = {
			isa = PBXNativeTarget;
			buildConfigurationList = OBJ_30 /* Build configuration list for PBXNativeTarget "Files" */;
			buildPhases = (
				OBJ_33 /* Sources */,
				OBJ_35 /* Frameworks */,
			);
			buildRules = (
			);
			dependencies = (
			);
			name = Files;
			productName = Files;
			productReference = OBJ_24 /* Files.framework */;
			productType = "com.apple.product-type.framework";
		};
		OBJ_36 /* Unbox */ = {
			isa = PBXNativeTarget;
			buildConfigurationList = OBJ_37 /* Build configuration list for PBXNativeTarget "Unbox" */;
			buildPhases = (
				OBJ_40 /* Sources */,
				OBJ_42 /* Frameworks */,
			);
			buildRules = (
			);
			dependencies = (
			);
			name = Unbox;
			productName = Unbox;
			productReference = OBJ_25 /* Unbox.framework */;
			productType = "com.apple.product-type.framework";
		};
		OBJ_43 /* AltKit */ = {
			isa = PBXNativeTarget;
			buildConfigurationList = OBJ_44 /* Build configuration list for PBXNativeTarget "AltKit" */;
			buildPhases = (
				OBJ_47 /* Sources */,
				OBJ_51 /* Frameworks */,
			);
			buildRules = (
			);
			dependencies = (
				OBJ_54 /* PBXTargetDependency */,
				OBJ_55 /* PBXTargetDependency */,
			);
			name = AltKit;
			productName = AltKit;
			productReference = OBJ_26 /* AltKit.framework */;
			productType = "com.apple.product-type.framework";
		};
		OBJ_56 /* AlternateIcons */ = {
			isa = PBXNativeTarget;
			buildConfigurationList = OBJ_57 /* Build configuration list for PBXNativeTarget "AlternateIcons" */;
			buildPhases = (
				OBJ_60 /* Sources */,
				OBJ_62 /* Frameworks */,
			);
			buildRules = (
			);
			dependencies = (
				OBJ_66 /* PBXTargetDependency */,
				OBJ_67 /* PBXTargetDependency */,
				OBJ_68 /* PBXTargetDependency */,
			);
			name = AlternateIcons;
			productName = AlternateIcons;
			productReference = OBJ_27 /* AlternateIcons */;
			productType = "com.apple.product-type.tool";
		};
		OBJ_69 /* AltKitTests */ = {
			isa = PBXNativeTarget;
			buildConfigurationList = OBJ_70 /* Build configuration list for PBXNativeTarget "AltKitTests" */;
			buildPhases = (
				OBJ_73 /* Sources */,
				OBJ_75 /* Frameworks */,
				5E74BD9C1EE1DBBB003F5AE8 /* CopyFiles */,
			);
			buildRules = (
			);
			dependencies = (
				OBJ_79 /* PBXTargetDependency */,
				OBJ_80 /* PBXTargetDependency */,
				OBJ_81 /* PBXTargetDependency */,
			);
			name = AltKitTests;
			productName = AltKitTests;
			productReference = OBJ_28 /* AltKitTests.xctest */;
			productType = "com.apple.product-type.bundle.unit-test";
		};
/* End PBXNativeTarget section */

/* Begin PBXProject section */
		OBJ_1 /* Project object */ = {
			isa = PBXProject;
			attributes = {
				LastUpgradeCheck = 9999;
			};
			buildConfigurationList = OBJ_2 /* Build configuration list for PBXProject "AlternateIcons" */;
			compatibilityVersion = "Xcode 3.2";
			developmentRegion = English;
			hasScannedForEncodings = 0;
			knownRegions = (
				en,
			);
			mainGroup = OBJ_5;
			productRefGroup = OBJ_23 /* Products */;
			projectDirPath = "";
			projectRoot = "";
			targets = (
				OBJ_29 /* Files */,
				OBJ_36 /* Unbox */,
				OBJ_43 /* AltKit */,
				OBJ_56 /* AlternateIcons */,
				OBJ_69 /* AltKitTests */,
			);
		};
/* End PBXProject section */

/* Begin PBXSourcesBuildPhase section */
		OBJ_33 /* Sources */ = {
			isa = PBXSourcesBuildPhase;
			buildActionMask = 0;
			files = (
				OBJ_34 /* Files.swift in Sources */,
			);
			runOnlyForDeploymentPostprocessing = 0;
		};
		OBJ_40 /* Sources */ = {
			isa = PBXSourcesBuildPhase;
			buildActionMask = 0;
			files = (
				OBJ_41 /* Unbox.swift in Sources */,
			);
			runOnlyForDeploymentPostprocessing = 0;
		};
		OBJ_47 /* Sources */ = {
			isa = PBXSourcesBuildPhase;
			buildActionMask = 0;
			files = (
				OBJ_48 /* AssetCatalog.swift in Sources */,
				5E74BD9F1EE1DC51003F5AE8 /* AppIconSet.swift in Sources */,
				5E74BDA41EE1F582003F5AE8 /* Xcode.swift in Sources */,
				5E74BDA61EE1FD36003F5AE8 /* Script.swift in Sources */,
				OBJ_49 /* BundleIcon.swift in Sources */,
				5E74BDAA1EE2915C003F5AE8 /* Error.swift in Sources */,
				OBJ_50 /* InfoPlist.swift in Sources */,
			);
			runOnlyForDeploymentPostprocessing = 0;
		};
		OBJ_60 /* Sources */ = {
			isa = PBXSourcesBuildPhase;
			buildActionMask = 0;
			files = (
				OBJ_61 /* main.swift in Sources */,
			);
			runOnlyForDeploymentPostprocessing = 0;
		};
		OBJ_73 /* Sources */ = {
			isa = PBXSourcesBuildPhase;
			buildActionMask = 0;
			files = (
				5E74BDA11EE1E4BE003F5AE8 /* AssetCatalogTests.swift in Sources */,
				5E74BDAE1EE2946E003F5AE8 /* FailableTestCase.swift in Sources */,
				5E74BDA81EE20CBB003F5AE8 /* RunTests.swift in Sources */,
				OBJ_74 /* InfoPlistTests.swift in Sources */,
			);
			runOnlyForDeploymentPostprocessing = 0;
		};
/* End PBXSourcesBuildPhase section */

/* Begin PBXTargetDependency section */
		OBJ_54 /* PBXTargetDependency */ = {
			isa = PBXTargetDependency;
			target = OBJ_29 /* Files */;
			targetProxy = 5E74BD941EE1DB69003F5AE8 /* PBXContainerItemProxy */;
		};
		OBJ_55 /* PBXTargetDependency */ = {
			isa = PBXTargetDependency;
			target = OBJ_36 /* Unbox */;
			targetProxy = 5E74BD951EE1DB69003F5AE8 /* PBXContainerItemProxy */;
		};
		OBJ_66 /* PBXTargetDependency */ = {
			isa = PBXTargetDependency;
			target = OBJ_29 /* Files */;
			targetProxy = 5E74BD961EE1DB69003F5AE8 /* PBXContainerItemProxy */;
		};
		OBJ_67 /* PBXTargetDependency */ = {
			isa = PBXTargetDependency;
			target = OBJ_36 /* Unbox */;
			targetProxy = 5E74BD971EE1DB69003F5AE8 /* PBXContainerItemProxy */;
		};
		OBJ_68 /* PBXTargetDependency */ = {
			isa = PBXTargetDependency;
			target = OBJ_43 /* AltKit */;
			targetProxy = 5E74BD981EE1DB69003F5AE8 /* PBXContainerItemProxy */;
		};
		OBJ_79 /* PBXTargetDependency */ = {
			isa = PBXTargetDependency;
			target = OBJ_29 /* Files */;
			targetProxy = 5E74BD991EE1DB69003F5AE8 /* PBXContainerItemProxy */;
		};
		OBJ_80 /* PBXTargetDependency */ = {
			isa = PBXTargetDependency;
			target = OBJ_36 /* Unbox */;
			targetProxy = 5E74BD9A1EE1DB69003F5AE8 /* PBXContainerItemProxy */;
		};
		OBJ_81 /* PBXTargetDependency */ = {
			isa = PBXTargetDependency;
			target = OBJ_43 /* AltKit */;
			targetProxy = 5E74BD9B1EE1DB69003F5AE8 /* PBXContainerItemProxy */;
		};
/* End PBXTargetDependency section */

/* Begin XCBuildConfiguration section */
		OBJ_3 /* Debug */ = {
			isa = XCBuildConfiguration;
			buildSettings = {
				CLANG_ENABLE_OBJC_ARC = YES;
				COMBINE_HIDPI_IMAGES = YES;
				COPY_PHASE_STRIP = NO;
				DEBUG_INFORMATION_FORMAT = dwarf;
				DYLIB_INSTALL_NAME_BASE = "@rpath";
				ENABLE_NS_ASSERTIONS = YES;
				GCC_OPTIMIZATION_LEVEL = 0;
				MACOSX_DEPLOYMENT_TARGET = 10.10;
				ONLY_ACTIVE_ARCH = YES;
				OTHER_SWIFT_FLAGS = "-DXcode";
				PRODUCT_NAME = "$(TARGET_NAME)";
				SDKROOT = macosx;
				SUPPORTED_PLATFORMS = "macosx iphoneos iphonesimulator appletvos appletvsimulator watchos watchsimulator";
				SWIFT_ACTIVE_COMPILATION_CONDITIONS = SWIFT_PACKAGE;
				SWIFT_OPTIMIZATION_LEVEL = "-Onone";
				SWIFT_VERSION = 3.0;
				USE_HEADERMAP = NO;
			};
			name = Debug;
		};
		OBJ_31 /* Debug */ = {
			isa = XCBuildConfiguration;
			buildSettings = {
				ENABLE_TESTABILITY = YES;
				FRAMEWORK_SEARCH_PATHS = (
					"$(inherited)",
					"$(PLATFORM_DIR)/Developer/Library/Frameworks",
				);
				HEADER_SEARCH_PATHS = "$(inherited)";
				INFOPLIST_FILE = AlternateIcons.xcodeproj/Files_Info.plist;
				LD_RUNPATH_SEARCH_PATHS = "$(TOOLCHAIN_DIR)/usr/lib/swift/macosx";
				OTHER_LDFLAGS = "$(inherited)";
				OTHER_SWIFT_FLAGS = "$(inherited)";
				PRODUCT_BUNDLE_IDENTIFIER = Files;
				PRODUCT_MODULE_NAME = "$(TARGET_NAME:c99extidentifier)";
				PRODUCT_NAME = "$(TARGET_NAME:c99extidentifier)";
				SKIP_INSTALL = YES;
				TARGET_NAME = Files;
			};
			name = Debug;
		};
		OBJ_32 /* Release */ = {
			isa = XCBuildConfiguration;
			buildSettings = {
				ENABLE_TESTABILITY = YES;
				FRAMEWORK_SEARCH_PATHS = (
					"$(inherited)",
					"$(PLATFORM_DIR)/Developer/Library/Frameworks",
				);
				HEADER_SEARCH_PATHS = "$(inherited)";
				INFOPLIST_FILE = AlternateIcons.xcodeproj/Files_Info.plist;
				LD_RUNPATH_SEARCH_PATHS = "$(TOOLCHAIN_DIR)/usr/lib/swift/macosx";
				OTHER_LDFLAGS = "$(inherited)";
				OTHER_SWIFT_FLAGS = "$(inherited)";
				PRODUCT_BUNDLE_IDENTIFIER = Files;
				PRODUCT_MODULE_NAME = "$(TARGET_NAME:c99extidentifier)";
				PRODUCT_NAME = "$(TARGET_NAME:c99extidentifier)";
				SKIP_INSTALL = YES;
				TARGET_NAME = Files;
			};
			name = Release;
		};
		OBJ_38 /* Debug */ = {
			isa = XCBuildConfiguration;
			buildSettings = {
				ENABLE_TESTABILITY = YES;
				FRAMEWORK_SEARCH_PATHS = (
					"$(inherited)",
					"$(PLATFORM_DIR)/Developer/Library/Frameworks",
				);
				HEADER_SEARCH_PATHS = "$(inherited)";
				INFOPLIST_FILE = AlternateIcons.xcodeproj/Unbox_Info.plist;
				LD_RUNPATH_SEARCH_PATHS = "$(TOOLCHAIN_DIR)/usr/lib/swift/macosx";
				OTHER_LDFLAGS = "$(inherited)";
				OTHER_SWIFT_FLAGS = "$(inherited)";
				PRODUCT_BUNDLE_IDENTIFIER = Unbox;
				PRODUCT_MODULE_NAME = "$(TARGET_NAME:c99extidentifier)";
				PRODUCT_NAME = "$(TARGET_NAME:c99extidentifier)";
				SKIP_INSTALL = YES;
				TARGET_NAME = Unbox;
			};
			name = Debug;
		};
		OBJ_39 /* Release */ = {
			isa = XCBuildConfiguration;
			buildSettings = {
				ENABLE_TESTABILITY = YES;
				FRAMEWORK_SEARCH_PATHS = (
					"$(inherited)",
					"$(PLATFORM_DIR)/Developer/Library/Frameworks",
				);
				HEADER_SEARCH_PATHS = "$(inherited)";
				INFOPLIST_FILE = AlternateIcons.xcodeproj/Unbox_Info.plist;
				LD_RUNPATH_SEARCH_PATHS = "$(TOOLCHAIN_DIR)/usr/lib/swift/macosx";
				OTHER_LDFLAGS = "$(inherited)";
				OTHER_SWIFT_FLAGS = "$(inherited)";
				PRODUCT_BUNDLE_IDENTIFIER = Unbox;
				PRODUCT_MODULE_NAME = "$(TARGET_NAME:c99extidentifier)";
				PRODUCT_NAME = "$(TARGET_NAME:c99extidentifier)";
				SKIP_INSTALL = YES;
				TARGET_NAME = Unbox;
			};
			name = Release;
		};
		OBJ_4 /* Release */ = {
			isa = XCBuildConfiguration;
			buildSettings = {
				CLANG_ENABLE_OBJC_ARC = YES;
				COMBINE_HIDPI_IMAGES = YES;
				COPY_PHASE_STRIP = YES;
				DEBUG_INFORMATION_FORMAT = "dwarf-with-dsym";
				DYLIB_INSTALL_NAME_BASE = "@rpath";
				GCC_OPTIMIZATION_LEVEL = s;
				MACOSX_DEPLOYMENT_TARGET = 10.10;
				OTHER_SWIFT_FLAGS = "-DXcode";
				PRODUCT_NAME = "$(TARGET_NAME)";
				SDKROOT = macosx;
				SUPPORTED_PLATFORMS = "macosx iphoneos iphonesimulator appletvos appletvsimulator watchos watchsimulator";
				SWIFT_ACTIVE_COMPILATION_CONDITIONS = SWIFT_PACKAGE;
				SWIFT_OPTIMIZATION_LEVEL = "-Owholemodule";
				SWIFT_VERSION = 3.0;
				USE_HEADERMAP = NO;
			};
			name = Release;
		};
		OBJ_45 /* Debug */ = {
			isa = XCBuildConfiguration;
			buildSettings = {
				ENABLE_TESTABILITY = YES;
				FRAMEWORK_SEARCH_PATHS = (
					"$(inherited)",
					"$(PLATFORM_DIR)/Developer/Library/Frameworks",
				);
				HEADER_SEARCH_PATHS = "$(inherited)";
				INFOPLIST_FILE = AlternateIcons.xcodeproj/AltKit_Info.plist;
				LD_RUNPATH_SEARCH_PATHS = "$(TOOLCHAIN_DIR)/usr/lib/swift/macosx";
				OTHER_LDFLAGS = "$(inherited)";
				OTHER_SWIFT_FLAGS = "$(inherited)";
				PRODUCT_BUNDLE_IDENTIFIER = AltKit;
				PRODUCT_MODULE_NAME = "$(TARGET_NAME:c99extidentifier)";
				PRODUCT_NAME = "$(TARGET_NAME:c99extidentifier)";
				SKIP_INSTALL = YES;
				TARGET_NAME = AltKit;
			};
			name = Debug;
		};
		OBJ_46 /* Release */ = {
			isa = XCBuildConfiguration;
			buildSettings = {
				ENABLE_TESTABILITY = YES;
				FRAMEWORK_SEARCH_PATHS = (
					"$(inherited)",
					"$(PLATFORM_DIR)/Developer/Library/Frameworks",
				);
				HEADER_SEARCH_PATHS = "$(inherited)";
				INFOPLIST_FILE = AlternateIcons.xcodeproj/AltKit_Info.plist;
				LD_RUNPATH_SEARCH_PATHS = "$(TOOLCHAIN_DIR)/usr/lib/swift/macosx";
				OTHER_LDFLAGS = "$(inherited)";
				OTHER_SWIFT_FLAGS = "$(inherited)";
				PRODUCT_BUNDLE_IDENTIFIER = AltKit;
				PRODUCT_MODULE_NAME = "$(TARGET_NAME:c99extidentifier)";
				PRODUCT_NAME = "$(TARGET_NAME:c99extidentifier)";
				SKIP_INSTALL = YES;
				TARGET_NAME = AltKit;
			};
			name = Release;
		};
		OBJ_58 /* Debug */ = {
			isa = XCBuildConfiguration;
			buildSettings = {
				FRAMEWORK_SEARCH_PATHS = (
					"$(inherited)",
					"$(PLATFORM_DIR)/Developer/Library/Frameworks",
				);
				HEADER_SEARCH_PATHS = "$(inherited)";
				INFOPLIST_FILE = AlternateIcons.xcodeproj/AlternateIcons_Info.plist;
				LD_RUNPATH_SEARCH_PATHS = "$(TOOLCHAIN_DIR)/usr/lib/swift/macosx @executable_path";
				OTHER_LDFLAGS = "$(inherited)";
				OTHER_SWIFT_FLAGS = "$(inherited)";
				SWIFT_FORCE_DYNAMIC_LINK_STDLIB = YES;
				SWIFT_FORCE_STATIC_LINK_STDLIB = NO;
				TARGET_NAME = AlternateIcons;
			};
			name = Debug;
		};
		OBJ_59 /* Release */ = {
			isa = XCBuildConfiguration;
			buildSettings = {
				FRAMEWORK_SEARCH_PATHS = (
					"$(inherited)",
					"$(PLATFORM_DIR)/Developer/Library/Frameworks",
				);
				HEADER_SEARCH_PATHS = "$(inherited)";
				INFOPLIST_FILE = AlternateIcons.xcodeproj/AlternateIcons_Info.plist;
				LD_RUNPATH_SEARCH_PATHS = "$(TOOLCHAIN_DIR)/usr/lib/swift/macosx @executable_path";
				OTHER_LDFLAGS = "$(inherited)";
				OTHER_SWIFT_FLAGS = "$(inherited)";
				SWIFT_FORCE_DYNAMIC_LINK_STDLIB = YES;
				SWIFT_FORCE_STATIC_LINK_STDLIB = NO;
				TARGET_NAME = AlternateIcons;
			};
			name = Release;
		};
		OBJ_71 /* Debug */ = {
			isa = XCBuildConfiguration;
			buildSettings = {
				EMBEDDED_CONTENT_CONTAINS_SWIFT = YES;
				FRAMEWORK_SEARCH_PATHS = (
					"$(inherited)",
					"$(PLATFORM_DIR)/Developer/Library/Frameworks",
				);
				HEADER_SEARCH_PATHS = "$(inherited)";
				INFOPLIST_FILE = AlternateIcons.xcodeproj/AltKitTests_Info.plist;
				LD_RUNPATH_SEARCH_PATHS = "@loader_path/../Frameworks @loader_path/Frameworks";
				OTHER_LDFLAGS = "$(inherited)";
				OTHER_SWIFT_FLAGS = "$(inherited)";
				TARGET_NAME = AltKitTests;
			};
			name = Debug;
		};
		OBJ_72 /* Release */ = {
			isa = XCBuildConfiguration;
			buildSettings = {
				EMBEDDED_CONTENT_CONTAINS_SWIFT = YES;
				FRAMEWORK_SEARCH_PATHS = (
					"$(inherited)",
					"$(PLATFORM_DIR)/Developer/Library/Frameworks",
				);
				HEADER_SEARCH_PATHS = "$(inherited)";
				INFOPLIST_FILE = AlternateIcons.xcodeproj/AltKitTests_Info.plist;
				LD_RUNPATH_SEARCH_PATHS = "@loader_path/../Frameworks @loader_path/Frameworks";
				OTHER_LDFLAGS = "$(inherited)";
				OTHER_SWIFT_FLAGS = "$(inherited)";
				TARGET_NAME = AltKitTests;
			};
			name = Release;
		};
/* End XCBuildConfiguration section */

/* Begin XCConfigurationList section */
		OBJ_2 /* Build configuration list for PBXProject "AlternateIcons" */ = {
			isa = XCConfigurationList;
			buildConfigurations = (
				OBJ_3 /* Debug */,
				OBJ_4 /* Release */,
			);
			defaultConfigurationIsVisible = 0;
			defaultConfigurationName = Debug;
		};
		OBJ_30 /* Build configuration list for PBXNativeTarget "Files" */ = {
			isa = XCConfigurationList;
			buildConfigurations = (
				OBJ_31 /* Debug */,
				OBJ_32 /* Release */,
			);
			defaultConfigurationIsVisible = 0;
			defaultConfigurationName = Debug;
		};
		OBJ_37 /* Build configuration list for PBXNativeTarget "Unbox" */ = {
			isa = XCConfigurationList;
			buildConfigurations = (
				OBJ_38 /* Debug */,
				OBJ_39 /* Release */,
			);
			defaultConfigurationIsVisible = 0;
			defaultConfigurationName = Debug;
		};
		OBJ_44 /* Build configuration list for PBXNativeTarget "AltKit" */ = {
			isa = XCConfigurationList;
			buildConfigurations = (
				OBJ_45 /* Debug */,
				OBJ_46 /* Release */,
			);
			defaultConfigurationIsVisible = 0;
			defaultConfigurationName = Debug;
		};
		OBJ_57 /* Build configuration list for PBXNativeTarget "AlternateIcons" */ = {
			isa = XCConfigurationList;
			buildConfigurations = (
				OBJ_58 /* Debug */,
				OBJ_59 /* Release */,
			);
			defaultConfigurationIsVisible = 0;
			defaultConfigurationName = Debug;
		};
		OBJ_70 /* Build configuration list for PBXNativeTarget "AltKitTests" */ = {
			isa = XCConfigurationList;
			buildConfigurations = (
				OBJ_71 /* Debug */,
				OBJ_72 /* Release */,
			);
			defaultConfigurationIsVisible = 0;
			defaultConfigurationName = Debug;
		};
/* End XCConfigurationList section */
	};
	rootObject = OBJ_1 /* Project object */;
}
